
Microsoft Visual Studio Solution File, Format Version 12.00
Project("{2150E333-8FDC-42A3-9474-1A3956D46DE8}") = "API", "API", "{4C3D474D-439E-4922-8266-0D7AFF475E13}"
EndProject
Project("{FAE04EC0-301F-11D3-BF4B-00C04F79EFBC}") = "ERPSystem.Common", "API\ERPSystem.Common\ERPSystem.Common.csproj", "{FE23DDB7-D839-4BD2-AD41-5D9A34EE31C3}"
EndProject
Project("{FAE04EC0-301F-11D3-BF4B-00C04F79EFBC}") = "ERPSystem.DataAccess", "API\ERPSystem.DataAccess\ERPSystem.DataAccess.csproj", "{6C0148B4-A34D-4559-9A4A-17D033CA656E}"
EndProject
Project("{FAE04EC0-301F-11D3-BF4B-00C04F79EFBC}") = "ERPSystem.DataModel", "API\ERPSystem.DataModel\ERPSystem.DataModel.csproj", "{73E4B887-C659-4E0E-B122-F6D9AE40CEDB}"
EndProject
Project("{FAE04EC0-301F-11D3-BF4B-00C04F79EFBC}") = "ERPSystem.Repository", "API\ERPSystem.Repository\ERPSystem.Repository.csproj", "{EDEABD4D-BBD7-4790-8D9B-FCF3F8F2EFB8}"
EndProject
Project("{FAE04EC0-301F-11D3-BF4B-00C04F79EFBC}") = "ERPSystem.Service", "API\ERPSystem.Service\ERPSystem.Service.csproj", "{1EF5A83D-7543-4D2B-8EF1-AB7A9290295C}"
EndProject
Project("{FAE04EC0-301F-11D3-BF4B-00C04F79EFBC}") = "ERPSystem.Api", "API\ERPSystem.Api\ERPSystem.Api.csproj", "{9A36122D-A88B-4260-8DB1-BCBDF3B675D6}"
EndProject
Global
	GlobalSection(SolutionConfigurationPlatforms) = preSolution
		Debug|Any CPU = Debug|Any CPU
		Release|Any CPU = Release|Any CPU
	EndGlobalSection
	GlobalSection(ProjectConfigurationPlatforms) = postSolution
		{FE23DDB7-D839-4BD2-AD41-5D9A34EE31C3}.Debug|Any CPU.ActiveCfg = Debug|Any CPU
		{FE23DDB7-D839-4BD2-AD41-5D9A34EE31C3}.Debug|Any CPU.Build.0 = Debug|Any CPU
		{FE23DDB7-D839-4BD2-AD41-5D9A34EE31C3}.Release|Any CPU.ActiveCfg = Release|Any CPU
		{FE23DDB7-D839-4BD2-AD41-5D9A34EE31C3}.Release|Any CPU.Build.0 = Release|Any CPU
		{6C0148B4-A34D-4559-9A4A-17D033CA656E}.Debug|Any CPU.ActiveCfg = Debug|Any CPU
		{6C0148B4-A34D-4559-9A4A-17D033CA656E}.Debug|Any CPU.Build.0 = Debug|Any CPU
		{6C0148B4-A34D-4559-9A4A-17D033CA656E}.Release|Any CPU.ActiveCfg = Release|Any CPU
		{6C0148B4-A34D-4559-9A4A-17D033CA656E}.Release|Any CPU.Build.0 = Release|Any CPU
		{73E4B887-C659-4E0E-B122-F6D9AE40CEDB}.Debug|Any CPU.ActiveCfg = Debug|Any CPU
		{73E4B887-C659-4E0E-B122-F6D9AE40CEDB}.Debug|Any CPU.Build.0 = Debug|Any CPU
		{73E4B887-C659-4E0E-B122-F6D9AE40CEDB}.Release|Any CPU.ActiveCfg = Release|Any CPU
		{73E4B887-C659-4E0E-B122-F6D9AE40CEDB}.Release|Any CPU.Build.0 = Release|Any CPU
		{EDEABD4D-BBD7-4790-8D9B-FCF3F8F2EFB8}.Debug|Any CPU.ActiveCfg = Debug|Any CPU
		{EDEABD4D-BBD7-4790-8D9B-FCF3F8F2EFB8}.Debug|Any CPU.Build.0 = Debug|Any CPU
		{EDEABD4D-BBD7-4790-8D9B-FCF3F8F2EFB8}.Release|Any CPU.ActiveCfg = Release|Any CPU
		{EDEABD4D-BBD7-4790-8D9B-FCF3F8F2EFB8}.Release|Any CPU.Build.0 = Release|Any CPU
		{1EF5A83D-7543-4D2B-8EF1-AB7A9290295C}.Debug|Any CPU.ActiveCfg = Debug|Any CPU
		{1EF5A83D-7543-4D2B-8EF1-AB7A9290295C}.Debug|Any CPU.Build.0 = Debug|Any CPU
		{1EF5A83D-7543-4D2B-8EF1-AB7A9290295C}.Release|Any CPU.ActiveCfg = Release|Any CPU
		{1EF5A83D-7543-4D2B-8EF1-AB7A9290295C}.Release|Any CPU.Build.0 = Release|Any CPU
		{9A36122D-A88B-4260-8DB1-BCBDF3B675D6}.Debug|Any CPU.ActiveCfg = Debug|Any CPU
		{9A36122D-A88B-4260-8DB1-BCBDF3B675D6}.Debug|Any CPU.Build.0 = Debug|Any CPU
		{9A36122D-A88B-4260-8DB1-BCBDF3B675D6}.Release|Any CPU.ActiveCfg = Release|Any CPU
		{9A36122D-A88B-4260-8DB1-BCBDF3B675D6}.Release|Any CPU.Build.0 = Release|Any CPU
	EndGlobalSection
	GlobalSection(NestedProjects) = preSolution
		{FE23DDB7-D839-4BD2-AD41-5D9A34EE31C3} = {4C3D474D-439E-4922-8266-0D7AFF475E13}
		{6C0148B4-A34D-4559-9A4A-17D033CA656E} = {4C3D474D-439E-4922-8266-0D7AFF475E13}
		{73E4B887-C659-4E0E-B122-F6D9AE40CEDB} = {4C3D474D-439E-4922-8266-0D7AFF475E13}
		{EDEABD4D-BBD7-4790-8D9B-FCF3F8F2EFB8} = {4C3D474D-439E-4922-8266-0D7AFF475E13}
		{1EF5A83D-7543-4D2B-8EF1-AB7A9290295C} = {4C3D474D-439E-4922-8266-0D7AFF475E13}
		{9A36122D-A88B-4260-8DB1-BCBDF3B675D6} = {4C3D474D-439E-4922-8266-0D7AFF475E13}
	EndGlobalSection
EndGlobal
